
Microsoft Visual Studio Solution File, Format Version 12.00
# Visual Studio Version 17
VisualStudioVersion = 17.9.34701.34
MinimumVisualStudioVersion = 10.0.40219.1
Project("{FAE04EC0-301F-11D3-BF4B-00C04F79EFBC}") = "QLbanhang", "QLbanhang\QLbanhang.csproj", "{CD920922-95D8-45D9-9122-21B48A16D545}"
EndProject
Project("{FAE04EC0-301F-11D3-BF4B-00C04F79EFBC}") = "WindowsFormsApp1", "WindowsFormsApp1\WindowsFormsApp1.csproj", "{45EC4FAC-5B7B-4FF9-B49F-CF362A0AA412}"
	ProjectSection(ProjectDependencies) = postProject
		{CD920922-95D8-45D9-9122-21B48A16D545} = {CD920922-95D8-45D9-9122-21B48A16D545}
	EndProjectSection
EndProject
Global
	GlobalSection(SolutionConfigurationPlatforms) = preSolution
		Debug|Any CPU = Debug|Any CPU
		Release|Any CPU = Release|Any CPU
	EndGlobalSection
	GlobalSection(ProjectConfigurationPlatforms) = postSolution
		{CD920922-95D8-45D9-9122-21B48A16D545}.Debug|Any CPU.ActiveCfg = Debug|Any CPU
		{CD920922-95D8-45D9-9122-21B48A16D545}.Debug|Any CPU.Build.0 = Debug|Any CPU
		{CD920922-95D8-45D9-9122-21B48A16D545}.Release|Any CPU.ActiveCfg = Release|Any CPU
		{CD920922-95D8-45D9-9122-21B48A16D545}.Release|Any CPU.Build.0 = Release|Any CPU
		{45EC4FAC-5B7B-4FF9-B49F-CF362A0AA412}.Debug|Any CPU.ActiveCfg = Debug|Any CPU
		{45EC4FAC-5B7B-4FF9-B49F-CF362A0AA412}.Debug|Any CPU.Build.0 = Debug|Any CPU
		{45EC4FAC-5B7B-4FF9-B49F-CF362A0AA412}.Release|Any CPU.ActiveCfg = Release|Any CPU
		{45EC4FAC-5B7B-4FF9-B49F-CF362A0AA412}.Release|Any CPU.Build.0 = Release|Any CPU
	EndGlobalSection
	GlobalSection(SolutionProperties) = preSolution
		HideSolutionNode = FALSE
	EndGlobalSection
	GlobalSection(ExtensibilityGlobals) = postSolution
		SolutionGuid = {5F28F39B-DF84-410B-83C9-488C24A7AEAD}
	EndGlobalSection
EndGlobal
