
Microsoft Visual Studio Solution File, Format Version 12.00
# Visual Studio Version 17
VisualStudioVersion = 17.9.34701.34
MinimumVisualStudioVersion = 10.0.40219.1
Project("{FAE04EC0-301F-11D3-BF4B-00C04F79EFBC}") = "Calculator", "Calculator\Calculator.csproj", "{7C464CB6-2FA3-450C-87DE-B73C939EDF5E}"
EndProject
Project("{FAE04EC0-301F-11D3-BF4B-00C04F79EFBC}") = "CalculatorClient", "CalculatorClient\CalculatorClient.csproj", "{6D0C4FF1-C087-4E1F-8B0B-23F2C6E7D953}"
	ProjectSection(ProjectDependencies) = postProject
		{7C464CB6-2FA3-450C-87DE-B73C939EDF5E} = {7C464CB6-2FA3-450C-87DE-B73C939EDF5E}
	EndProjectSection
EndProject
Global
	GlobalSection(SolutionConfigurationPlatforms) = preSolution
		Debug|Any CPU = Debug|Any CPU
		Release|Any CPU = Release|Any CPU
	EndGlobalSection
	GlobalSection(ProjectConfigurationPlatforms) = postSolution
		{7C464CB6-2FA3-450C-87DE-B73C939EDF5E}.Debug|Any CPU.ActiveCfg = Debug|Any CPU
		{7C464CB6-2FA3-450C-87DE-B73C939EDF5E}.Debug|Any CPU.Build.0 = Debug|Any CPU
		{7C464CB6-2FA3-450C-87DE-B73C939EDF5E}.Release|Any CPU.ActiveCfg = Release|Any CPU
		{7C464CB6-2FA3-450C-87DE-B73C939EDF5E}.Release|Any CPU.Build.0 = Release|Any CPU
		{6D0C4FF1-C087-4E1F-8B0B-23F2C6E7D953}.Debug|Any CPU.ActiveCfg = Debug|Any CPU
		{6D0C4FF1-C087-4E1F-8B0B-23F2C6E7D953}.Debug|Any CPU.Build.0 = Debug|Any CPU
		{6D0C4FF1-C087-4E1F-8B0B-23F2C6E7D953}.Release|Any CPU.ActiveCfg = Release|Any CPU
		{6D0C4FF1-C087-4E1F-8B0B-23F2C6E7D953}.Release|Any CPU.Build.0 = Release|Any CPU
	EndGlobalSection
	GlobalSection(SolutionProperties) = preSolution
		HideSolutionNode = FALSE
	EndGlobalSection
	GlobalSection(ExtensibilityGlobals) = postSolution
		SolutionGuid = {DB0C7724-D36A-4F6E-9CF0-587612C2896D}
	EndGlobalSection
EndGlobal
